dependencies:
- name: postgresql
  repository: https://kubernetes-charts.storage.googleapis.com/
  version: 0.7.1
- name: redis
  repository: https://kubernetes-charts.storage.googleapis.com/
  version: 0.9.0
digest: sha256:0aa3e19f66536a45484cadba0dd99b8ff6524d7e591a28cd6a00606e9fa3574a
generated: 2017-10-23T14:17:29.2678069+07:00
